
Microsoft Visual Studio Solution File, Format Version 12.00
# Visual Studio Version 17
VisualStudioVersion = 17.6.33723.286
MinimumVisualStudioVersion = 10.0.40219.1
Project("{2150E333-8FDC-42A3-9474-1A3956D46DE8}") = "Savanna.Backend", "Savanna.Backend", "{B6424BC6-106B-4E61-8E72-E692C2681C28}"
EndProject
Project("{2150E333-8FDC-42A3-9474-1A3956D46DE8}") = "Savanna.Frontend", "Savanna.Frontend", "{9161D82E-FC9A-4AF8-AF12-0F5786150E95}"
EndProject
Project("{2150E333-8FDC-42A3-9474-1A3956D46DE8}") = "Commons", "Commons", "{E8AFE880-C995-4520-BB0C-4ECF2C19CEF8}"
EndProject
Project("{9A19103F-16F7-4668-BE54-9A1E7A4F7556}") = "Savanna.Cons", "Savanna.Cons\Savanna.Cons.csproj", "{96ECFD6F-FE60-46E1-B953-7CC39A2AF387}"
EndProject
Project("{9A19103F-16F7-4668-BE54-9A1E7A4F7556}") = "Savanna.Data", "Savanna.Data\Savanna.Data.csproj", "{8707ED8E-89D4-4435-B2E9-5914308B61E8}"
EndProject
Project("{9A19103F-16F7-4668-BE54-9A1E7A4F7556}") = "Savanna.Services", "Savanna.Services\Savanna.Services.csproj", "{054979B3-4E46-4824-92E6-79C9FCDA2236}"
EndProject
Project("{9A19103F-16F7-4668-BE54-9A1E7A4F7556}") = "Savanna.WebApplication", "Savanna.WebApplication\Savanna.WebApplication.csproj", "{2010E0D2-5647-4060-B5AB-FEE26227429B}"
EndProject
Project("{9A19103F-16F7-4668-BE54-9A1E7A4F7556}") = "Savanna.WebAPI", "Savanna.WebAPI\Savanna.WebAPI.csproj", "{627B9511-07F0-4D20-9A1B-A161150DCF54}"
EndProject
Project("{9A19103F-16F7-4668-BE54-9A1E7A4F7556}") = "Savanna.Commons", "Savanna.Commons\Savanna.Commons.csproj", "{229766F1-D02D-4D30-A348-929CDAC84CC1}"
EndProject
Project("{9A19103F-16F7-4668-BE54-9A1E7A4F7556}") = "Savanna.Services.Tests", "Savanna.Services.Tests\Savanna.Services.Tests.csproj", "{51E74639-56F0-411D-B6A2-F17E80CEC8DA}"
EndProject
Global
	GlobalSection(SolutionConfigurationPlatforms) = preSolution
		Debug|Any CPU = Debug|Any CPU
		Release|Any CPU = Release|Any CPU
	EndGlobalSection
	GlobalSection(ProjectConfigurationPlatforms) = postSolution
		{96ECFD6F-FE60-46E1-B953-7CC39A2AF387}.Debug|Any CPU.ActiveCfg = Debug|Any CPU
		{96ECFD6F-FE60-46E1-B953-7CC39A2AF387}.Debug|Any CPU.Build.0 = Debug|Any CPU
		{96ECFD6F-FE60-46E1-B953-7CC39A2AF387}.Release|Any CPU.ActiveCfg = Release|Any CPU
		{96ECFD6F-FE60-46E1-B953-7CC39A2AF387}.Release|Any CPU.Build.0 = Release|Any CPU
		{8707ED8E-89D4-4435-B2E9-5914308B61E8}.Debug|Any CPU.ActiveCfg = Debug|Any CPU
		{8707ED8E-89D4-4435-B2E9-5914308B61E8}.Debug|Any CPU.Build.0 = Debug|Any CPU
		{8707ED8E-89D4-4435-B2E9-5914308B61E8}.Release|Any CPU.ActiveCfg = Release|Any CPU
		{8707ED8E-89D4-4435-B2E9-5914308B61E8}.Release|Any CPU.Build.0 = Release|Any CPU
		{054979B3-4E46-4824-92E6-79C9FCDA2236}.Debug|Any CPU.ActiveCfg = Debug|Any CPU
		{054979B3-4E46-4824-92E6-79C9FCDA2236}.Debug|Any CPU.Build.0 = Debug|Any CPU
		{054979B3-4E46-4824-92E6-79C9FCDA2236}.Release|Any CPU.ActiveCfg = Release|Any CPU
		{054979B3-4E46-4824-92E6-79C9FCDA2236}.Release|Any CPU.Build.0 = Release|Any CPU
		{2010E0D2-5647-4060-B5AB-FEE26227429B}.Debug|Any CPU.ActiveCfg = Debug|Any CPU
		{2010E0D2-5647-4060-B5AB-FEE26227429B}.Debug|Any CPU.Build.0 = Debug|Any CPU
		{2010E0D2-5647-4060-B5AB-FEE26227429B}.Release|Any CPU.ActiveCfg = Release|Any CPU
		{2010E0D2-5647-4060-B5AB-FEE26227429B}.Release|Any CPU.Build.0 = Release|Any CPU
		{627B9511-07F0-4D20-9A1B-A161150DCF54}.Debug|Any CPU.ActiveCfg = Debug|Any CPU
		{627B9511-07F0-4D20-9A1B-A161150DCF54}.Debug|Any CPU.Build.0 = Debug|Any CPU
		{627B9511-07F0-4D20-9A1B-A161150DCF54}.Release|Any CPU.ActiveCfg = Release|Any CPU
		{627B9511-07F0-4D20-9A1B-A161150DCF54}.Release|Any CPU.Build.0 = Release|Any CPU
		{229766F1-D02D-4D30-A348-929CDAC84CC1}.Debug|Any CPU.ActiveCfg = Debug|Any CPU
		{229766F1-D02D-4D30-A348-929CDAC84CC1}.Debug|Any CPU.Build.0 = Debug|Any CPU
		{229766F1-D02D-4D30-A348-929CDAC84CC1}.Release|Any CPU.ActiveCfg = Release|Any CPU
		{229766F1-D02D-4D30-A348-929CDAC84CC1}.Release|Any CPU.Build.0 = Release|Any CPU
		{51E74639-56F0-411D-B6A2-F17E80CEC8DA}.Debug|Any CPU.ActiveCfg = Debug|Any CPU
		{51E74639-56F0-411D-B6A2-F17E80CEC8DA}.Debug|Any CPU.Build.0 = Debug|Any CPU
		{51E74639-56F0-411D-B6A2-F17E80CEC8DA}.Release|Any CPU.ActiveCfg = Release|Any CPU
		{51E74639-56F0-411D-B6A2-F17E80CEC8DA}.Release|Any CPU.Build.0 = Release|Any CPU
	EndGlobalSection
	GlobalSection(SolutionProperties) = preSolution
		HideSolutionNode = FALSE
	EndGlobalSection
	GlobalSection(NestedProjects) = preSolution
		{96ECFD6F-FE60-46E1-B953-7CC39A2AF387} = {9161D82E-FC9A-4AF8-AF12-0F5786150E95}
		{8707ED8E-89D4-4435-B2E9-5914308B61E8} = {B6424BC6-106B-4E61-8E72-E692C2681C28}
		{054979B3-4E46-4824-92E6-79C9FCDA2236} = {B6424BC6-106B-4E61-8E72-E692C2681C28}
		{2010E0D2-5647-4060-B5AB-FEE26227429B} = {9161D82E-FC9A-4AF8-AF12-0F5786150E95}
		{627B9511-07F0-4D20-9A1B-A161150DCF54} = {B6424BC6-106B-4E61-8E72-E692C2681C28}
		{229766F1-D02D-4D30-A348-929CDAC84CC1} = {E8AFE880-C995-4520-BB0C-4ECF2C19CEF8}
		{51E74639-56F0-411D-B6A2-F17E80CEC8DA} = {B6424BC6-106B-4E61-8E72-E692C2681C28}
	EndGlobalSection
	GlobalSection(ExtensibilityGlobals) = postSolution
		SolutionGuid = {5C4DECF9-D054-4ED1-BF8D-B27910D84C71}
	EndGlobalSection
EndGlobal
