
Microsoft Visual Studio Solution File, Format Version 12.00
# Visual Studio Version 17
VisualStudioVersion = 17.6.33723.286
MinimumVisualStudioVersion = 10.0.40219.1
Project("{9A19103F-16F7-4668-BE54-9A1E7A4F7556}") = "Savanna.cons", "Savannah\Savanna.cons.csproj", "{45318587-7017-4B81-9413-3435DD148F51}"
EndProject
Project("{9A19103F-16F7-4668-BE54-9A1E7A4F7556}") = "ClassLibrary", "ClassLibrary\ClassLibrary.csproj", "{FEDBFD92-79A6-41BC-AE0D-51CFB8F78487}"
EndProject
Project("{9A19103F-16F7-4668-BE54-9A1E7A4F7556}") = "ClassLibraryTests", "ClassLibraryTests\ClassLibraryTests.csproj", "{FA977DE7-B233-403A-974A-3CF99F3B3488}"
EndProject
Project("{FAE04EC0-301F-11D3-BF4B-00C04F79EFBC}") = "AnimalLibrary", "AnimalLibrary\AnimalLibrary.csproj", "{E230682B-380D-446A-AE3D-16137D9EF849}"
EndProject
Project("{FAE04EC0-301F-11D3-BF4B-00C04F79EFBC}") = "SavannaWebApplication", "SavannaWebApplication\SavannaWebApplication.csproj", "{5729902D-02C3-4036-A1A7-EACBEE1FDF1C}"
EndProject
Project("{FAE04EC0-301F-11D3-BF4B-00C04F79EFBC}") = "SavannaWebAPI", "SavannaWebAPI\SavannaWebAPI.csproj", "{30C520F7-F9D7-465A-BA65-4206EFC840A7}"
EndProject
Global
	GlobalSection(SolutionConfigurationPlatforms) = preSolution
		Debug|Any CPU = Debug|Any CPU
		Release|Any CPU = Release|Any CPU
	EndGlobalSection
	GlobalSection(ProjectConfigurationPlatforms) = postSolution
		{45318587-7017-4B81-9413-3435DD148F51}.Debug|Any CPU.ActiveCfg = Debug|Any CPU
		{45318587-7017-4B81-9413-3435DD148F51}.Debug|Any CPU.Build.0 = Debug|Any CPU
		{45318587-7017-4B81-9413-3435DD148F51}.Release|Any CPU.ActiveCfg = Release|Any CPU
		{45318587-7017-4B81-9413-3435DD148F51}.Release|Any CPU.Build.0 = Release|Any CPU
		{FEDBFD92-79A6-41BC-AE0D-51CFB8F78487}.Debug|Any CPU.ActiveCfg = Debug|Any CPU
		{FEDBFD92-79A6-41BC-AE0D-51CFB8F78487}.Debug|Any CPU.Build.0 = Debug|Any CPU
		{FEDBFD92-79A6-41BC-AE0D-51CFB8F78487}.Release|Any CPU.ActiveCfg = Release|Any CPU
		{FEDBFD92-79A6-41BC-AE0D-51CFB8F78487}.Release|Any CPU.Build.0 = Release|Any CPU
		{FA977DE7-B233-403A-974A-3CF99F3B3488}.Debug|Any CPU.ActiveCfg = Debug|Any CPU
		{FA977DE7-B233-403A-974A-3CF99F3B3488}.Debug|Any CPU.Build.0 = Debug|Any CPU
		{FA977DE7-B233-403A-974A-3CF99F3B3488}.Release|Any CPU.ActiveCfg = Release|Any CPU
		{FA977DE7-B233-403A-974A-3CF99F3B3488}.Release|Any CPU.Build.0 = Release|Any CPU
		{E230682B-380D-446A-AE3D-16137D9EF849}.Debug|Any CPU.ActiveCfg = Debug|Any CPU
		{E230682B-380D-446A-AE3D-16137D9EF849}.Debug|Any CPU.Build.0 = Debug|Any CPU
		{E230682B-380D-446A-AE3D-16137D9EF849}.Release|Any CPU.ActiveCfg = Release|Any CPU
		{E230682B-380D-446A-AE3D-16137D9EF849}.Release|Any CPU.Build.0 = Release|Any CPU
		{5729902D-02C3-4036-A1A7-EACBEE1FDF1C}.Debug|Any CPU.ActiveCfg = Debug|Any CPU
		{5729902D-02C3-4036-A1A7-EACBEE1FDF1C}.Debug|Any CPU.Build.0 = Debug|Any CPU
		{5729902D-02C3-4036-A1A7-EACBEE1FDF1C}.Release|Any CPU.ActiveCfg = Release|Any CPU
		{5729902D-02C3-4036-A1A7-EACBEE1FDF1C}.Release|Any CPU.Build.0 = Release|Any CPU
		{30C520F7-F9D7-465A-BA65-4206EFC840A7}.Debug|Any CPU.ActiveCfg = Debug|Any CPU
		{30C520F7-F9D7-465A-BA65-4206EFC840A7}.Debug|Any CPU.Build.0 = Debug|Any CPU
		{30C520F7-F9D7-465A-BA65-4206EFC840A7}.Release|Any CPU.ActiveCfg = Release|Any CPU
		{30C520F7-F9D7-465A-BA65-4206EFC840A7}.Release|Any CPU.Build.0 = Release|Any CPU
	EndGlobalSection
	GlobalSection(SolutionProperties) = preSolution
		HideSolutionNode = FALSE
	EndGlobalSection
	GlobalSection(ExtensibilityGlobals) = postSolution
		SolutionGuid = {5C4DECF9-D054-4ED1-BF8D-B27910D84C71}
	EndGlobalSection
EndGlobal
